{
  "version": 4,
  "terraform_version": "1.7.1",
  "serial": 1,
  "lineage": "dd1367c4-bb20-10e3-4a2c-0a23b3b1932e",
  "outputs": {},
  "resources": [
    {
      "mode": "managed",
      "type": "local_file",
      "name": "myfile",
      "provider": "provider[\"registry.terraform.io/hashicorp/local\"]",
      "instances": [
        {
          "schema_version": 0,
          "attributes": {
            "content": "Hai this nani",
            "content_base64": null,
            "content_base64sha256": "qWASa7geZzmC+J/md14Q3nhAMojQPVNaq1P6mwBi6oE=",
            "content_base64sha512": "3e34VM7EVIpzFm3FZi8/khA9v+jvWtdPsIzESCEzZ6hsPxb8iexz0vg++QPCkdkPc+RkiJOcJ86CAd2zQIzkog==",
            "content_md5": "e8e6dea5db3f2dddd31c45ff7ddcc20d",
            "content_sha1": "327ab1ff8108530803080d128afddf46c46a2373",
            "content_sha256": "a960126bb81e673982f89fe6775e10de78403288d03d535aab53fa9b0062ea81",
            "content_sha512": "ddedf854cec4548a73166dc5662f3f92103dbfe8ef5ad74fb08cc448213367a86c3f16fc89ec73d2f83ef903c291d90f73e46488939c27ce8201ddb3408ce4a2",
            "directory_permission": "0777",
            "file_permission": "0777",
            "filename": "cat.txt",
            "id": "327ab1ff8108530803080d128afddf46c46a2373",
            "sensitive_content": null,
            "source": null
          },
          "sensitive_attributes": []
        }
      ]
    }
  ],
  "check_results": null
}
